{
  "version": 4,
  "terraform_version": "0.12.24",
  "serial": 18,
  "lineage": "82cfc0c3-c12d-d4ac-42b9-e6b4bebf240c",
  "outputs": {},
  "resources": [
    {
      "mode": "managed",
      "type": "aws_instance",
      "name": "example",
      "provider": "provider.aws",
      "instances": [
        {
          "status": "tainted",
          "schema_version": 1,
          "attributes": {
            "ami": "ami-00edfb46b107f643c",
            "arn": "arn:aws:ec2:ap-northeast-2:651358851825:instance/i-03338e8153fbfd1a3",
            "associate_public_ip_address": true,
            "availability_zone": "ap-northeast-2c",
            "cpu_core_count": 1,
            "cpu_threads_per_core": 1,
            "credit_specification": [
              {
                "cpu_credits": "standard"
              }
            ],
            "disable_api_termination": false,
            "ebs_block_device": [],
            "ebs_optimized": false,
            "ephemeral_block_device": [],
            "get_password_data": false,
            "hibernation": false,
            "host_id": null,
            "iam_instance_profile": "",
            "id": "i-03338e8153fbfd1a3",
            "instance_initiated_shutdown_behavior": null,
            "instance_state": "running",
            "instance_type": "t2.micro",
            "ipv6_address_count": 0,
            "ipv6_addresses": [],
            "key_name": "mykey",
            "metadata_options": [
              {
                "http_endpoint": "enabled",
                "http_put_response_hop_limit": 1,
                "http_tokens": "optional"
              }
            ],
            "monitoring": false,
            "network_interface": [],
            "network_interface_id": null,
            "outpost_arn": "",
            "password_data": "",
            "placement_group": "",
            "primary_network_interface_id": "eni-08e2347aa4a0c0403",
            "private_dns": "ip-172-31-46-41.ap-northeast-2.compute.internal",
            "private_ip": "172.31.46.41",
            "public_dns": "ec2-15-165-159-252.ap-northeast-2.compute.amazonaws.com",
            "public_ip": "15.165.159.252",
            "root_block_device": [
              {
                "delete_on_termination": true,
                "device_name": "/dev/sda1",
                "encrypted": false,
                "iops": 100,
                "kms_key_id": "",
                "volume_id": "vol-01422ab20f7f76763",
                "volume_size": 8,
                "volume_type": "gp2"
              }
            ],
            "security_groups": [
              "default"
            ],
            "source_dest_check": true,
            "subnet_id": "subnet-0d6f3f9cf0176e455",
            "tags": null,
            "tenancy": "default",
            "timeouts": null,
            "user_data": null,
            "user_data_base64": null,
            "volume_tags": {},
            "vpc_security_group_ids": [
              "sg-0ad49550aeaa321c8"
            ]
          },
          "private": "eyJlMmJmYjczMC1lY2FhLTExZTYtOGY4OC0zNDM2M2JjN2M0YzAiOnsiY3JlYXRlIjo2MDAwMDAwMDAwMDAsImRlbGV0ZSI6MTIwMDAwMDAwMDAwMCwidXBkYXRlIjo2MDAwMDAwMDAwMDB9LCJzY2hlbWFfdmVyc2lvbiI6IjEifQ==",
          "dependencies": [
            "aws_key_pair.mykey"
          ]
        }
      ]
    },
    {
      "mode": "managed",
      "type": "aws_key_pair",
      "name": "mykey",
      "provider": "provider.aws",
      "instances": [
        {
          "schema_version": 1,
          "attributes": {
            "fingerprint": "9e:b1:b8:ca:44:b6:ad:88:c9:ba:e6:e1:e2:e5:a3:0a",
            "id": "mykey",
            "key_name": "mykey",
            "key_name_prefix": null,
            "key_pair_id": "key-0413afdbb7a64cbb0",
            "public_key": "ssh-rsa AAAAB3NzaC1yc2EAAAADAQABAAABAQDHwhiV6T7Pqzdlnm9JtR1ZlGaL8FviLTvr8N+MoFCLijuv4csmEpP2MO2MSmyuPrppVlwiMZgZy0o4FRth730r/pQGLhoc1jDgYb8rNtFlpqT+u0A1nzxn+1dHlRMl9Ts8imA33pGW/F4jtnY8fG0gM6Ap0UQX83r8q5L/W8NIvCqwSG0Zg1CfXZTTnviqzESHY+MfE58KPlqd3E1VNsTMihYt0mlBF0L9QSSeL5nEjL3nF/AK6A6EN9Ixsl6yIHK5nXR7rrL6wTAN/BTBEQdluA+Kt4Px9nLv2CKwi9G/N6CfPyxr/daMBC3/QpGJZ/PGurNUYZWgLmUjLEStWVYJ ubuntu@u1",
            "tags": null
          },
          "private": "eyJzY2hlbWFfdmVyc2lvbiI6IjEifQ=="
        }
      ]
    }
  ]
}
